// !$*UTF8*$!
{
	archiveVersion = 1;
	classes = {
	};
	objectVersion = 56;
	objects = {

/* Begin PBXBuildFile section */
		6DAB3C4629AE5512009797A5 /* AppDelegate.swift in Sources */ = {isa = PBXBuildFile; fileRef = 6DAB3C4529AE5512009797A5 /* AppDelegate.swift */; };
		6DAB3C4829AE5512009797A5 /* SceneDelegate.swift in Sources */ = {isa = PBXBuildFile; fileRef = 6DAB3C4729AE5512009797A5 /* SceneDelegate.swift */; };
		6DAB3C4A29AE5512009797A5 /* ViewController.swift in Sources */ = {isa = PBXBuildFile; fileRef = 6DAB3C4929AE5512009797A5 /* ViewController.swift */; };
		6DAB3C4F29AE5514009797A5 /* Assets.xcassets in Resources */ = {isa = PBXBuildFile; fileRef = 6DAB3C4E29AE5514009797A5 /* Assets.xcassets */; };
		6DAB3C5229AE5514009797A5 /* LaunchScreen.storyboard in Resources */ = {isa = PBXBuildFile; fileRef = 6DAB3C5029AE5514009797A5 /* LaunchScreen.storyboard */; };
		6DAB3C5B29AE557D009797A5 /* FirebaseAuth in Frameworks */ = {isa = PBXBuildFile; productRef = 6DAB3C5A29AE557D009797A5 /* FirebaseAuth */; };
		6DAB3C5D29AE557D009797A5 /* FirebaseFirestore in Frameworks */ = {isa = PBXBuildFile; productRef = 6DAB3C5C29AE557D009797A5 /* FirebaseFirestore */; };
		6DAB3C5F29AE557D009797A5 /* FirebaseFirestoreSwift in Frameworks */ = {isa = PBXBuildFile; productRef = 6DAB3C5E29AE557D009797A5 /* FirebaseFirestoreSwift */; };
		6DAB3C6129AE557D009797A5 /* FirebaseStorage in Frameworks */ = {isa = PBXBuildFile; productRef = 6DAB3C6029AE557D009797A5 /* FirebaseStorage */; };
		6DAB3C6329AE74CA009797A5 /* GoogleService-Info.plist in Resources */ = {isa = PBXBuildFile; fileRef = 6DAB3C6229AE74CA009797A5 /* GoogleService-Info.plist */; };
		6DAB3C6A29AE75B4009797A5 /* SignUpViewController.swift in Sources */ = {isa = PBXBuildFile; fileRef = 6DAB3C6929AE75B4009797A5 /* SignUpViewController.swift */; };
		6DAB3C6C29AE75C7009797A5 /* SignUpModel.swift in Sources */ = {isa = PBXBuildFile; fileRef = 6DAB3C6B29AE75C7009797A5 /* SignUpModel.swift */; };
		6DAB3C7029AF23EF009797A5 /* ContentViewController.swift in Sources */ = {isa = PBXBuildFile; fileRef = 6DAB3C6F29AF23EF009797A5 /* ContentViewController.swift */; };
		6DAB3C7229AFA23F009797A5 /* Main.storyboard in Resources */ = {isa = PBXBuildFile; fileRef = 6DAB3C7129AFA23F009797A5 /* Main.storyboard */; };
		6DD8363C29B0EA93002DC1F9 /* ContentTableViewCell.swift in Sources */ = {isa = PBXBuildFile; fileRef = 6DD8363A29B0EA93002DC1F9 /* ContentTableViewCell.swift */; };
		6DD8363D29B0EA93002DC1F9 /* ContentTableViewCell.xib in Resources */ = {isa = PBXBuildFile; fileRef = 6DD8363B29B0EA93002DC1F9 /* ContentTableViewCell.xib */; };
/* End PBXBuildFile section */

/* Begin PBXFileReference section */
		6DAB3C4229AE5512009797A5 /* Imanani.app */ = {isa = PBXFileReference; explicitFileType = wrapper.application; includeInIndex = 0; path = Imanani.app; sourceTree = BUILT_PRODUCTS_DIR; };
		6DAB3C4529AE5512009797A5 /* AppDelegate.swift */ = {isa = PBXFileReference; lastKnownFileType = sourcecode.swift; path = AppDelegate.swift; sourceTree = "<group>"; };
		6DAB3C4729AE5512009797A5 /* SceneDelegate.swift */ = {isa = PBXFileReference; lastKnownFileType = sourcecode.swift; path = SceneDelegate.swift; sourceTree = "<group>"; };
		6DAB3C4929AE5512009797A5 /* ViewController.swift */ = {isa = PBXFileReference; lastKnownFileType = sourcecode.swift; path = ViewController.swift; sourceTree = "<group>"; };
		6DAB3C4E29AE5514009797A5 /* Assets.xcassets */ = {isa = PBXFileReference; lastKnownFileType = folder.assetcatalog; path = Assets.xcassets; sourceTree = "<group>"; };
		6DAB3C5129AE5514009797A5 /* Base */ = {isa = PBXFileReference; lastKnownFileType = file.storyboard; name = Base; path = Base.lproj/LaunchScreen.storyboard; sourceTree = "<group>"; };
		6DAB3C5329AE5514009797A5 /* Info.plist */ = {isa = PBXFileReference; lastKnownFileType = text.plist.xml; path = Info.plist; sourceTree = "<group>"; };
		6DAB3C6229AE74CA009797A5 /* GoogleService-Info.plist */ = {isa = PBXFileReference; fileEncoding = 4; lastKnownFileType = text.plist.xml; path = "GoogleService-Info.plist"; sourceTree = "<group>"; };
		6DAB3C6929AE75B4009797A5 /* SignUpViewController.swift */ = {isa = PBXFileReference; lastKnownFileType = sourcecode.swift; path = SignUpViewController.swift; sourceTree = "<group>"; };
		6DAB3C6B29AE75C7009797A5 /* SignUpModel.swift */ = {isa = PBXFileReference; lastKnownFileType = sourcecode.swift; path = SignUpModel.swift; sourceTree = "<group>"; };
		6DAB3C6F29AF23EF009797A5 /* ContentViewController.swift */ = {isa = PBXFileReference; lastKnownFileType = sourcecode.swift; path = ContentViewController.swift; sourceTree = "<group>"; };
		6DAB3C7129AFA23F009797A5 /* Main.storyboard */ = {isa = PBXFileReference; lastKnownFileType = file.storyboard; path = Main.storyboard; sourceTree = "<group>"; };
		6DD8363A29B0EA93002DC1F9 /* ContentTableViewCell.swift */ = {isa = PBXFileReference; lastKnownFileType = sourcecode.swift; path = ContentTableViewCell.swift; sourceTree = "<group>"; };
		6DD8363B29B0EA93002DC1F9 /* ContentTableViewCell.xib */ = {isa = PBXFileReference; lastKnownFileType = file.xib; path = ContentTableViewCell.xib; sourceTree = "<group>"; };
/* End PBXFileReference section */

/* Begin PBXFrameworksBuildPhase section */
		6DAB3C3F29AE5512009797A5 /* Frameworks */ = {
			isa = PBXFrameworksBuildPhase;
			buildActionMask = 2147483647;
			files = (
				6DAB3C5B29AE557D009797A5 /* FirebaseAuth in Frameworks */,
				6DAB3C6129AE557D009797A5 /* FirebaseStorage in Frameworks */,
				6DAB3C5D29AE557D009797A5 /* FirebaseFirestore in Frameworks */,
				6DAB3C5F29AE557D009797A5 /* FirebaseFirestoreSwift in Frameworks */,
			);
			runOnlyForDeploymentPostprocessing = 0;
		};
/* End PBXFrameworksBuildPhase section */

/* Begin PBXGroup section */
		6DAB3C3929AE5512009797A5 = {
			isa = PBXGroup;
			children = (
				6DAB3C4429AE5512009797A5 /* Imanani */,
				6DAB3C4329AE5512009797A5 /* Products */,
			);
			sourceTree = "<group>";
		};
		6DAB3C4329AE5512009797A5 /* Products */ = {
			isa = PBXGroup;
			children = (
				6DAB3C4229AE5512009797A5 /* Imanani.app */,
			);
			name = Products;
			sourceTree = "<group>";
		};
		6DAB3C4429AE5512009797A5 /* Imanani */ = {
			isa = PBXGroup;
			children = (
				6DAB3C4529AE5512009797A5 /* AppDelegate.swift */,
				6DAB3C4729AE5512009797A5 /* SceneDelegate.swift */,
				6DAB3C4929AE5512009797A5 /* ViewController.swift */,
				6DAB3C6B29AE75C7009797A5 /* SignUpModel.swift */,
				6DAB3C6929AE75B4009797A5 /* SignUpViewController.swift */,
				6DAB3C6F29AF23EF009797A5 /* ContentViewController.swift */,
				6DAB3C7129AFA23F009797A5 /* Main.storyboard */,
				6DAB3C4E29AE5514009797A5 /* Assets.xcassets */,
				6DAB3C5029AE5514009797A5 /* LaunchScreen.storyboard */,
				6DAB3C5329AE5514009797A5 /* Info.plist */,
				6DAB3C6229AE74CA009797A5 /* GoogleService-Info.plist */,
				6DD8363A29B0EA93002DC1F9 /* ContentTableViewCell.swift */,
				6DD8363B29B0EA93002DC1F9 /* ContentTableViewCell.xib */,
			);
			path = Imanani;
			sourceTree = "<group>";
		};
/* End PBXGroup section */

/* Begin PBXNativeTarget section */
		6DAB3C4129AE5512009797A5 /* Imanani */ = {
			isa = PBXNativeTarget;
			buildConfigurationList = 6DAB3C5629AE5514009797A5 /* Build configuration list for PBXNativeTarget "Imanani" */;
			buildPhases = (
				6DAB3C3E29AE5512009797A5 /* Sources */,
				6DAB3C3F29AE5512009797A5 /* Frameworks */,
				6DAB3C4029AE5512009797A5 /* Resources */,
			);
			buildRules = (
			);
			dependencies = (
			);
			name = Imanani;
			packageProductDependencies = (
				6DAB3C5A29AE557D009797A5 /* FirebaseAuth */,
				6DAB3C5C29AE557D009797A5 /* FirebaseFirestore */,
				6DAB3C5E29AE557D009797A5 /* FirebaseFirestoreSwift */,
				6DAB3C6029AE557D009797A5 /* FirebaseStorage */,
			);
			productName = Imanani;
			productReference = 6DAB3C4229AE5512009797A5 /* Imanani.app */;
			productType = "com.apple.product-type.application";
		};
/* End PBXNativeTarget section */

/* Begin PBXProject section */
		6DAB3C3A29AE5512009797A5 /* Project object */ = {
			isa = PBXProject;
			attributes = {
				BuildIndependentTargetsInParallel = 1;
				LastSwiftUpdateCheck = 1420;
				LastUpgradeCheck = 1420;
				TargetAttributes = {
					6DAB3C4129AE5512009797A5 = {
						CreatedOnToolsVersion = 14.2;
					};
				};
			};
			buildConfigurationList = 6DAB3C3D29AE5512009797A5 /* Build configuration list for PBXProject "Imanani" */;
			compatibilityVersion = "Xcode 14.0";
			developmentRegion = en;
			hasScannedForEncodings = 0;
			knownRegions = (
				en,
				Base,
			);
			mainGroup = 6DAB3C3929AE5512009797A5;
			packageReferences = (
				6DAB3C5929AE557D009797A5 /* XCRemoteSwiftPackageReference "firebase-ios-sdk" */,
			);
			productRefGroup = 6DAB3C4329AE5512009797A5 /* Products */;
			projectDirPath = "";
			projectRoot = "";
			targets = (
				6DAB3C4129AE5512009797A5 /* Imanani */,
			);
		};
/* End PBXProject section */

/* Begin PBXResourcesBuildPhase section */
		6DAB3C4029AE5512009797A5 /* Resources */ = {
			isa = PBXResourcesBuildPhase;
			buildActionMask = 2147483647;
			files = (
				6DAB3C5229AE5514009797A5 /* LaunchScreen.storyboard in Resources */,
				6DAB3C4F29AE5514009797A5 /* Assets.xcassets in Resources */,
				6DAB3C7229AFA23F009797A5 /* Main.storyboard in Resources */,
				6DAB3C6329AE74CA009797A5 /* GoogleService-Info.plist in Resources */,
				6DD8363D29B0EA93002DC1F9 /* ContentTableViewCell.xib in Resources */,
			);
			runOnlyForDeploymentPostprocessing = 0;
		};
/* End PBXResourcesBuildPhase section */

/* Begin PBXSourcesBuildPhase section */
		6DAB3C3E29AE5512009797A5 /* Sources */ = {
			isa = PBXSourcesBuildPhase;
			buildActionMask = 2147483647;
			files = (
				6DAB3C4A29AE5512009797A5 /* ViewController.swift in Sources */,
				6DAB3C4629AE5512009797A5 /* AppDelegate.swift in Sources */,
				6DAB3C6C29AE75C7009797A5 /* SignUpModel.swift in Sources */,
				6DAB3C6A29AE75B4009797A5 /* SignUpViewController.swift in Sources */,
				6DD8363C29B0EA93002DC1F9 /* ContentTableViewCell.swift in Sources */,
				6DAB3C7029AF23EF009797A5 /* ContentViewController.swift in Sources */,
				6DAB3C4829AE5512009797A5 /* SceneDelegate.swift in Sources */,
			);
			runOnlyForDeploymentPostprocessing = 0;
		};
/* End PBXSourcesBuildPhase section */

/* Begin PBXVariantGroup section */
		6DAB3C5029AE5514009797A5 /* LaunchScreen.storyboard */ = {
			isa = PBXVariantGroup;
			children = (
				6DAB3C5129AE5514009797A5 /* Base */,
			);
			name = LaunchScreen.storyboard;
			sourceTree = "<group>";
		};
/* End PBXVariantGroup section */

/* Begin XCBuildConfiguration section */
		6DAB3C5429AE5514009797A5 /* Debug */ = {
			isa = XCBuildConfiguration;
			buildSettings = {
				ALWAYS_SEARCH_USER_PATHS = NO;
				CLANG_ANALYZER_NONNULL = YES;
				CLANG_ANALYZER_NUMBER_OBJECT_CONVERSION = YES_AGGRESSIVE;
				CLANG_CXX_LANGUAGE_STANDARD = "gnu++20";
				CLANG_ENABLE_MODULES = YES;
				CLANG_ENABLE_OBJC_ARC = YES;
				CLANG_ENABLE_OBJC_WEAK = YES;
				CLANG_WARN_BLOCK_CAPTURE_AUTORELEASING = YES;
				CLANG_WARN_BOOL_CONVERSION = YES;
				CLANG_WARN_COMMA = YES;
				CLANG_WARN_CONSTANT_CONVERSION = YES;
				CLANG_WARN_DEPRECATED_OBJC_IMPLEMENTATIONS = YES;
				CLANG_WARN_DIRECT_OBJC_ISA_USAGE = YES_ERROR;
				CLANG_WARN_DOCUMENTATION_COMMENTS = YES;
				CLANG_WARN_EMPTY_BODY = YES;
				CLANG_WARN_ENUM_CONVERSION = YES;
				CLANG_WARN_INFINITE_RECURSION = YES;
				CLANG_WARN_INT_CONVERSION = YES;
				CLANG_WARN_NON_LITERAL_NULL_CONVERSION = YES;
				CLANG_WARN_OBJC_IMPLICIT_RETAIN_SELF = YES;
				CLANG_WARN_OBJC_LITERAL_CONVERSION = YES;
				CLANG_WARN_OBJC_ROOT_CLASS = YES_ERROR;
				CLANG_WARN_QUOTED_INCLUDE_IN_FRAMEWORK_HEADER = YES;
				CLANG_WARN_RANGE_LOOP_ANALYSIS = YES;
				CLANG_WARN_STRICT_PROTOTYPES = YES;
				CLANG_WARN_SUSPICIOUS_MOVE = YES;
				CLANG_WARN_UNGUARDED_AVAILABILITY = YES_AGGRESSIVE;
				CLANG_WARN_UNREACHABLE_CODE = YES;
				CLANG_WARN__DUPLICATE_METHOD_MATCH = YES;
				COPY_PHASE_STRIP = NO;
				DEBUG_INFORMATION_FORMAT = dwarf;
				ENABLE_STRICT_OBJC_MSGSEND = YES;
				ENABLE_TESTABILITY = YES;
				GCC_C_LANGUAGE_STANDARD = gnu11;
				GCC_DYNAMIC_NO_PIC = NO;
				GCC_NO_COMMON_BLOCKS = YES;
				GCC_OPTIMIZATION_LEVEL = 0;
				GCC_PREPROCESSOR_DEFINITIONS = (
					"DEBUG=1",
					"$(inherited)",
				);
				GCC_WARN_64_TO_32_BIT_CONVERSION = YES;
				GCC_WARN_ABOUT_RETURN_TYPE = YES_ERROR;
				GCC_WARN_UNDECLARED_SELECTOR = YES;
				GCC_WARN_UNINITIALIZED_AUTOS = YES_AGGRESSIVE;
				GCC_WARN_UNUSED_FUNCTION = YES;
				GCC_WARN_UNUSED_VARIABLE = YES;
				IPHONEOS_DEPLOYMENT_TARGET = 16.2;
				MTL_ENABLE_DEBUG_INFO = INCLUDE_SOURCE;
				MTL_FAST_MATH = YES;
				ONLY_ACTIVE_ARCH = YES;
				SDKROOT = iphoneos;
				SWIFT_ACTIVE_COMPILATION_CONDITIONS = DEBUG;
				SWIFT_OPTIMIZATION_LEVEL = "-Onone";
			};
			name = Debug;
		};
		6DAB3C5529AE5514009797A5 /* Release */ = {
			isa = XCBuildConfiguration;
			buildSettings = {
				ALWAYS_SEARCH_USER_PATHS = NO;
				CLANG_ANALYZER_NONNULL = YES;
				CLANG_ANALYZER_NUMBER_OBJECT_CONVERSION = YES_AGGRESSIVE;
				CLANG_CXX_LANGUAGE_STANDARD = "gnu++20";
				CLANG_ENABLE_MODULES = YES;
				CLANG_ENABLE_OBJC_ARC = YES;
				CLANG_ENABLE_OBJC_WEAK = YES;
				CLANG_WARN_BLOCK_CAPTURE_AUTORELEASING = YES;
				CLANG_WARN_BOOL_CONVERSION = YES;
				CLANG_WARN_COMMA = YES;
				CLANG_WARN_CONSTANT_CONVERSION = YES;
				CLANG_WARN_DEPRECATED_OBJC_IMPLEMENTATIONS = YES;
				CLANG_WARN_DIRECT_OBJC_ISA_USAGE = YES_ERROR;
				CLANG_WARN_DOCUMENTATION_COMMENTS = YES;
				CLANG_WARN_EMPTY_BODY = YES;
				CLANG_WARN_ENUM_CONVERSION = YES;
				CLANG_WARN_INFINITE_RECURSION = YES;
				CLANG_WARN_INT_CONVERSION = YES;
				CLANG_WARN_NON_LITERAL_NULL_CONVERSION = YES;
				CLANG_WARN_OBJC_IMPLICIT_RETAIN_SELF = YES;
				CLANG_WARN_OBJC_LITERAL_CONVERSION = YES;
				CLANG_WARN_OBJC_ROOT_CLASS = YES_ERROR;
				CLANG_WARN_QUOTED_INCLUDE_IN_FRAMEWORK_HEADER = YES;
				CLANG_WARN_RANGE_LOOP_ANALYSIS = YES;
				CLANG_WARN_STRICT_PROTOTYPES = YES;
				CLANG_WARN_SUSPICIOUS_MOVE = YES;
				CLANG_WARN_UNGUARDED_AVAILABILITY = YES_AGGRESSIVE;
				CLANG_WARN_UNREACHABLE_CODE = YES;
				CLANG_WARN__DUPLICATE_METHOD_MATCH = YES;
				COPY_PHASE_STRIP = NO;
				DEBUG_INFORMATION_FORMAT = "dwarf-with-dsym";
				ENABLE_NS_ASSERTIONS = NO;
				ENABLE_STRICT_OBJC_MSGSEND = YES;
				GCC_C_LANGUAGE_STANDARD = gnu11;
				GCC_NO_COMMON_BLOCKS = YES;
				GCC_WARN_64_TO_32_BIT_CONVERSION = YES;
				GCC_WARN_ABOUT_RETURN_TYPE = YES_ERROR;
				GCC_WARN_UNDECLARED_SELECTOR = YES;
				GCC_WARN_UNINITIALIZED_AUTOS = YES_AGGRESSIVE;
				GCC_WARN_UNUSED_FUNCTION = YES;
				GCC_WARN_UNUSED_VARIABLE = YES;
				IPHONEOS_DEPLOYMENT_TARGET = 16.2;
				MTL_ENABLE_DEBUG_INFO = NO;
				MTL_FAST_MATH = YES;
				SDKROOT = iphoneos;
				SWIFT_COMPILATION_MODE = wholemodule;
				SWIFT_OPTIMIZATION_LEVEL = "-O";
				VALIDATE_PRODUCT = YES;
			};
			name = Release;
		};
		6DAB3C5729AE5514009797A5 /* Debug */ = {
			isa = XCBuildConfiguration;
			buildSettings = {
				ASSETCATALOG_COMPILER_APPICON_NAME = AppIcon;
				ASSETCATALOG_COMPILER_GLOBAL_ACCENT_COLOR_NAME = AccentColor;
				CODE_SIGN_STYLE = Automatic;
				CURRENT_PROJECT_VERSION = 1;
				DEVELOPMENT_TEAM = TJNUGC69RA;
				GENERATE_INFOPLIST_FILE = YES;
				INFOPLIST_FILE = Imanani/Info.plist;
				INFOPLIST_KEY_UIApplicationSupportsIndirectInputEvents = YES;
				INFOPLIST_KEY_UILaunchStoryboardName = LaunchScreen;
				INFOPLIST_KEY_UIMainStoryboardFile = Main;
				INFOPLIST_KEY_UISupportedInterfaceOrientations_iPad = "UIInterfaceOrientationPortrait UIInterfaceOrientationPortraitUpsideDown UIInterfaceOrientationLandscapeLeft UIInterfaceOrientationLandscapeRight";
				INFOPLIST_KEY_UISupportedInterfaceOrientations_iPhone = "UIInterfaceOrientationPortrait UIInterfaceOrientationLandscapeLeft UIInterfaceOrientationLandscapeRight";
				IPHONEOS_DEPLOYMENT_TARGET = 16.0;
				LD_RUNPATH_SEARCH_PATHS = (
					"$(inherited)",
					"@executable_path/Frameworks",
				);
				MARKETING_VERSION = 1.0;
				PRODUCT_BUNDLE_IDENTIFIER = app.Ochiai.Gil.Imanani;
				PRODUCT_NAME = "$(TARGET_NAME)";
				SWIFT_EMIT_LOC_STRINGS = YES;
				SWIFT_VERSION = 5.0;
				TARGETED_DEVICE_FAMILY = "1,2";
			};
			name = Debug;
		};
		6DAB3C5829AE5514009797A5 /* Release */ = {
			isa = XCBuildConfiguration;
			buildSettings = {
				ASSETCATALOG_COMPILER_APPICON_NAME = AppIcon;
				ASSETCATALOG_COMPILER_GLOBAL_ACCENT_COLOR_NAME = AccentColor;
				CODE_SIGN_STYLE = Automatic;
				CURRENT_PROJECT_VERSION = 1;
				DEVELOPMENT_TEAM = TJNUGC69RA;
				GENERATE_INFOPLIST_FILE = YES;
				INFOPLIST_FILE = Imanani/Info.plist;
				INFOPLIST_KEY_UIApplicationSupportsIndirectInputEvents = YES;
				INFOPLIST_KEY_UILaunchStoryboardName = LaunchScreen;
				INFOPLIST_KEY_UIMainStoryboardFile = Main;
				INFOPLIST_KEY_UISupportedInterfaceOrientations_iPad = "UIInterfaceOrientationPortrait UIInterfaceOrientationPortraitUpsideDown UIInterfaceOrientationLandscapeLeft UIInterfaceOrientationLandscapeRight";
				INFOPLIST_KEY_UISupportedInterfaceOrientations_iPhone = "UIInterfaceOrientationPortrait UIInterfaceOrientationLandscapeLeft UIInterfaceOrientationLandscapeRight";
				IPHONEOS_DEPLOYMENT_TARGET = 16.0;
				LD_RUNPATH_SEARCH_PATHS = (
					"$(inherited)",
					"@executable_path/Frameworks",
				);
				MARKETING_VERSION = 1.0;
				PRODUCT_BUNDLE_IDENTIFIER = app.Ochiai.Gil.Imanani;
				PRODUCT_NAME = "$(TARGET_NAME)";
				SWIFT_EMIT_LOC_STRINGS = YES;
				SWIFT_VERSION = 5.0;
				TARGETED_DEVICE_FAMILY = "1,2";
			};
			name = Release;
		};
/* End XCBuildConfiguration section */

/* Begin XCConfigurationList section */
		6DAB3C3D29AE5512009797A5 /* Build configuration list for PBXProject "Imanani" */ = {
			isa = XCConfigurationList;
			buildConfigurations = (
				6DAB3C5429AE5514009797A5 /* Debug */,
				6DAB3C5529AE5514009797A5 /* Release */,
			);
			defaultConfigurationIsVisible = 0;
			defaultConfigurationName = Release;
		};
		6DAB3C5629AE5514009797A5 /* Build configuration list for PBXNativeTarget "Imanani" */ = {
			isa = XCConfigurationList;
			buildConfigurations = (
				6DAB3C5729AE5514009797A5 /* Debug */,
				6DAB3C5829AE5514009797A5 /* Release */,
			);
			defaultConfigurationIsVisible = 0;
			defaultConfigurationName = Release;
		};
/* End XCConfigurationList section */

/* Begin XCRemoteSwiftPackageReference section */
		6DAB3C5929AE557D009797A5 /* XCRemoteSwiftPackageReference "firebase-ios-sdk" */ = {
			isa = XCRemoteSwiftPackageReference;
			repositoryURL = "https://github.com/firebase/firebase-ios-sdk.git";
			requirement = {
				kind = upToNextMajorVersion;
				minimumVersion = 9.0.0;
			};
		};
/* End XCRemoteSwiftPackageReference section */

/* Begin XCSwiftPackageProductDependency section */
		6DAB3C5A29AE557D009797A5 /* FirebaseAuth */ = {
			isa = XCSwiftPackageProductDependency;
			package = 6DAB3C5929AE557D009797A5 /* XCRemoteSwiftPackageReference "firebase-ios-sdk" */;
			productName = FirebaseAuth;
		};
		6DAB3C5C29AE557D009797A5 /* FirebaseFirestore */ = {
			isa = XCSwiftPackageProductDependency;
			package = 6DAB3C5929AE557D009797A5 /* XCRemoteSwiftPackageReference "firebase-ios-sdk" */;
			productName = FirebaseFirestore;
		};
		6DAB3C5E29AE557D009797A5 /* FirebaseFirestoreSwift */ = {
			isa = XCSwiftPackageProductDependency;
			package = 6DAB3C5929AE557D009797A5 /* XCRemoteSwiftPackageReference "firebase-ios-sdk" */;
			productName = FirebaseFirestoreSwift;
		};
		6DAB3C6029AE557D009797A5 /* FirebaseStorage */ = {
			isa = XCSwiftPackageProductDependency;
			package = 6DAB3C5929AE557D009797A5 /* XCRemoteSwiftPackageReference "firebase-ios-sdk" */;
			productName = FirebaseStorage;
		};
/* End XCSwiftPackageProductDependency section */
	};
	rootObject = 6DAB3C3A29AE5512009797A5 /* Project object */;
}
